// !$*UTF8*$!
{
	archiveVersion = 1;
	classes = {
	};
	objectVersion = 50;
	objects = {

/* Begin PBXBuildFile section */
		3D12BAD621A815FD00D9D87C /* BaseViewController.swift in Sources */ = {isa = PBXBuildFile; fileRef = 3D12BAD521A815FD00D9D87C /* BaseViewController.swift */; };
		3D12BADA21A8171900D9D87C /* HomeViewController.swift in Sources */ = {isa = PBXBuildFile; fileRef = 3D12BAD921A8171900D9D87C /* HomeViewController.swift */; };
		3D12BADC21A8173D00D9D87C /* Home.storyboard in Resources */ = {isa = PBXBuildFile; fileRef = 3D12BADB21A8173D00D9D87C /* Home.storyboard */; };
		3D12BADF21A81B4900D9D87C /* WindowManager.swift in Sources */ = {isa = PBXBuildFile; fileRef = 3D12BADE21A81B4900D9D87C /* WindowManager.swift */; };
		3D52BCEE21A56A5F00EC2CD1 /* AppDelegate.swift in Sources */ = {isa = PBXBuildFile; fileRef = 3D52BCED21A56A5F00EC2CD1 /* AppDelegate.swift */; };
		3D52BCF021A56A5F00EC2CD1 /* ViewController.swift in Sources */ = {isa = PBXBuildFile; fileRef = 3D52BCEF21A56A5F00EC2CD1 /* ViewController.swift */; };
		3D52BCF321A56A5F00EC2CD1 /* Main.storyboard in Resources */ = {isa = PBXBuildFile; fileRef = 3D52BCF121A56A5F00EC2CD1 /* Main.storyboard */; };
		3D52BCF621A56A5F00EC2CD1 /* HDay.xcdatamodeld in Sources */ = {isa = PBXBuildFile; fileRef = 3D52BCF421A56A5F00EC2CD1 /* HDay.xcdatamodeld */; };
		3D52BCF821A56A6000EC2CD1 /* Assets.xcassets in Resources */ = {isa = PBXBuildFile; fileRef = 3D52BCF721A56A6000EC2CD1 /* Assets.xcassets */; };
		3D52BCFB21A56A6000EC2CD1 /* LaunchScreen.storyboard in Resources */ = {isa = PBXBuildFile; fileRef = 3D52BCF921A56A6000EC2CD1 /* LaunchScreen.storyboard */; };
		CD410899D1FF925B83FBA4AC /* Pods_HDay.framework in Frameworks */ = {isa = PBXBuildFile; fileRef = 41E7747C05A508FFEEEA2D24 /* Pods_HDay.framework */; };
/* End PBXBuildFile section */

/* Begin PBXFileReference section */
		3D12BAD521A815FD00D9D87C /* BaseViewController.swift */ = {isa = PBXFileReference; lastKnownFileType = sourcecode.swift; path = BaseViewController.swift; sourceTree = "<group>"; };
		3D12BAD921A8171900D9D87C /* HomeViewController.swift */ = {isa = PBXFileReference; lastKnownFileType = sourcecode.swift; path = HomeViewController.swift; sourceTree = "<group>"; };
		3D12BADB21A8173D00D9D87C /* Home.storyboard */ = {isa = PBXFileReference; lastKnownFileType = file.storyboard; path = Home.storyboard; sourceTree = "<group>"; };
		3D12BADE21A81B4900D9D87C /* WindowManager.swift */ = {isa = PBXFileReference; lastKnownFileType = sourcecode.swift; path = WindowManager.swift; sourceTree = "<group>"; };
		3D52BCEA21A56A5F00EC2CD1 /* HDay.app */ = {isa = PBXFileReference; explicitFileType = wrapper.application; includeInIndex = 0; path = HDay.app; sourceTree = BUILT_PRODUCTS_DIR; };
		3D52BCED21A56A5F00EC2CD1 /* AppDelegate.swift */ = {isa = PBXFileReference; lastKnownFileType = sourcecode.swift; path = AppDelegate.swift; sourceTree = "<group>"; };
		3D52BCEF21A56A5F00EC2CD1 /* ViewController.swift */ = {isa = PBXFileReference; lastKnownFileType = sourcecode.swift; path = ViewController.swift; sourceTree = "<group>"; };
		3D52BCF221A56A5F00EC2CD1 /* Base */ = {isa = PBXFileReference; lastKnownFileType = file.storyboard; name = Base; path = Base.lproj/Main.storyboard; sourceTree = "<group>"; };
		3D52BCF521A56A5F00EC2CD1 /* HDay.xcdatamodel */ = {isa = PBXFileReference; lastKnownFileType = wrapper.xcdatamodel; path = HDay.xcdatamodel; sourceTree = "<group>"; };
		3D52BCF721A56A6000EC2CD1 /* Assets.xcassets */ = {isa = PBXFileReference; lastKnownFileType = folder.assetcatalog; path = Assets.xcassets; sourceTree = "<group>"; };
		3D52BCFA21A56A6000EC2CD1 /* Base */ = {isa = PBXFileReference; lastKnownFileType = file.storyboard; name = Base; path = Base.lproj/LaunchScreen.storyboard; sourceTree = "<group>"; };
		3D52BCFC21A56A6000EC2CD1 /* Info.plist */ = {isa = PBXFileReference; lastKnownFileType = text.plist.xml; path = Info.plist; sourceTree = "<group>"; };
		41E7747C05A508FFEEEA2D24 /* Pods_HDay.framework */ = {isa = PBXFileReference; explicitFileType = wrapper.framework; includeInIndex = 0; path = Pods_HDay.framework; sourceTree = BUILT_PRODUCTS_DIR; };
		B6492B0DD98518566F5187E1 /* Pods-HDay.debug.xcconfig */ = {isa = PBXFileReference; includeInIndex = 1; lastKnownFileType = text.xcconfig; name = "Pods-HDay.debug.xcconfig"; path = "Pods/Target Support Files/Pods-HDay/Pods-HDay.debug.xcconfig"; sourceTree = "<group>"; };
		C2A9EF96DE2435ABBBFFCE1D /* Pods-HDay.release.xcconfig */ = {isa = PBXFileReference; includeInIndex = 1; lastKnownFileType = text.xcconfig; name = "Pods-HDay.release.xcconfig"; path = "Pods/Target Support Files/Pods-HDay/Pods-HDay.release.xcconfig"; sourceTree = "<group>"; };
/* End PBXFileReference section */

/* Begin PBXFrameworksBuildPhase section */
		3D52BCE721A56A5F00EC2CD1 /* Frameworks */ = {
			isa = PBXFrameworksBuildPhase;
			buildActionMask = 2147483647;
			files = (
				CD410899D1FF925B83FBA4AC /* Pods_HDay.framework in Frameworks */,
			);
			runOnlyForDeploymentPostprocessing = 0;
		};
/* End PBXFrameworksBuildPhase section */

/* Begin PBXGroup section */
		0CAADB4A12E47DD43FBB1988 /* Frameworks */ = {
			isa = PBXGroup;
			children = (
				41E7747C05A508FFEEEA2D24 /* Pods_HDay.framework */,
			);
			name = Frameworks;
			sourceTree = "<group>";
		};
		263258CA6D105BE66F3D0E52 /* Pods */ = {
			isa = PBXGroup;
			children = (
				B6492B0DD98518566F5187E1 /* Pods-HDay.debug.xcconfig */,
				C2A9EF96DE2435ABBBFFCE1D /* Pods-HDay.release.xcconfig */,
			);
			name = Pods;
			sourceTree = "<group>";
		};
		3D12BAD421A815DD00D9D87C /* BaseViewController */ = {
			isa = PBXGroup;
			children = (
				3D12BAD521A815FD00D9D87C /* BaseViewController.swift */,
			);
			path = BaseViewController;
			sourceTree = "<group>";
		};
		3D12BAD721A816DD00D9D87C /* Home */ = {
			isa = PBXGroup;
			children = (
				3D12BAD921A8171900D9D87C /* HomeViewController.swift */,
				3D12BADB21A8173D00D9D87C /* Home.storyboard */,
			);
			path = Home;
			sourceTree = "<group>";
		};
		3D12BADD21A81B2800D9D87C /* WindowManager */ = {
			isa = PBXGroup;
			children = (
				3D12BADE21A81B4900D9D87C /* WindowManager.swift */,
			);
			path = WindowManager;
			sourceTree = "<group>";
		};
		3D52BCE121A56A5F00EC2CD1 = {
			isa = PBXGroup;
			children = (
				3D52BCEC21A56A5F00EC2CD1 /* HDay */,
				3D52BCEB21A56A5F00EC2CD1 /* Products */,
				263258CA6D105BE66F3D0E52 /* Pods */,
				0CAADB4A12E47DD43FBB1988 /* Frameworks */,
			);
			sourceTree = "<group>";
		};
		3D52BCEB21A56A5F00EC2CD1 /* Products */ = {
			isa = PBXGroup;
			children = (
				3D52BCEA21A56A5F00EC2CD1 /* HDay.app */,
			);
			name = Products;
			sourceTree = "<group>";
		};
		3D52BCEC21A56A5F00EC2CD1 /* HDay */ = {
			isa = PBXGroup;
			children = (
				3DC36A0621A80BA1003E0E12 /* Configuration */,
				3DC36A0921A80BF9003E0E12 /* Source */,
				3DC36A0821A80BCE003E0E12 /* Resources */,
				3D52BCEF21A56A5F00EC2CD1 /* ViewController.swift */,
				3D52BCF121A56A5F00EC2CD1 /* Main.storyboard */,
			);
			path = HDay;
			sourceTree = "<group>";
		};
		3DC36A0621A80BA1003E0E12 /* Configuration */ = {
			isa = PBXGroup;
			children = (
				3DC36A0721A80BAB003E0E12 /* Debug */,
			);
			path = Configuration;
			sourceTree = "<group>";
		};
		3DC36A0721A80BAB003E0E12 /* Debug */ = {
			isa = PBXGroup;
			children = (
				3D52BCFC21A56A6000EC2CD1 /* Info.plist */,
			);
			path = Debug;
			sourceTree = "<group>";
		};
		3DC36A0821A80BCE003E0E12 /* Resources */ = {
			isa = PBXGroup;
			children = (
				3D52BCF721A56A6000EC2CD1 /* Assets.xcassets */,
			);
			path = Resources;
			sourceTree = "<group>";
		};
		3DC36A0921A80BF9003E0E12 /* Source */ = {
			isa = PBXGroup;
			children = (
				3D52BCED21A56A5F00EC2CD1 /* AppDelegate.swift */,
				3DC36A0A21A80C69003E0E12 /* Functionalities */,
				3DC36A0B21A80C7D003E0E12 /* Network */,
				3DC36A0C21A80C8D003E0E12 /* Model */,
				3DC36A0D21A80C96003E0E12 /* Tools */,
				3DC36A0E21A80C9C003E0E12 /* UI Tools */,
			);
			path = Source;
			sourceTree = "<group>";
		};
		3DC36A0A21A80C69003E0E12 /* Functionalities */ = {
			isa = PBXGroup;
			children = (
				3D12BAD721A816DD00D9D87C /* Home */,
				3DC36A0F21A80CDC003E0E12 /* Launch */,
			);
			path = Functionalities;
			sourceTree = "<group>";
		};
		3DC36A0B21A80C7D003E0E12 /* Network */ = {
			isa = PBXGroup;
			children = (
			);
			path = Network;
			sourceTree = "<group>";
		};
		3DC36A0C21A80C8D003E0E12 /* Model */ = {
			isa = PBXGroup;
			children = (
				3D52BCF421A56A5F00EC2CD1 /* HDay.xcdatamodeld */,
			);
			path = Model;
			sourceTree = "<group>";
		};
		3DC36A0D21A80C96003E0E12 /* Tools */ = {
			isa = PBXGroup;
			children = (
			);
			path = Tools;
			sourceTree = "<group>";
		};
		3DC36A0E21A80C9C003E0E12 /* UI Tools */ = {
			isa = PBXGroup;
			children = (
				3D12BAD421A815DD00D9D87C /* BaseViewController */,
				3D12BADD21A81B2800D9D87C /* WindowManager */,
			);
			path = "UI Tools";
			sourceTree = "<group>";
		};
		3DC36A0F21A80CDC003E0E12 /* Launch */ = {
			isa = PBXGroup;
			children = (
				3D52BCF921A56A6000EC2CD1 /* LaunchScreen.storyboard */,
			);
			path = Launch;
			sourceTree = "<group>";
		};
/* End PBXGroup section */

/* Begin PBXNativeTarget section */
		3D52BCE921A56A5F00EC2CD1 /* HDay */ = {
			isa = PBXNativeTarget;
			buildConfigurationList = 3D52BCFF21A56A6000EC2CD1 /* Build configuration list for PBXNativeTarget "HDay" */;
			buildPhases = (
				F965F0888587ABB0AD710683 /* [CP] Check Pods Manifest.lock */,
				3D52BCE621A56A5F00EC2CD1 /* Sources */,
				3D52BCE721A56A5F00EC2CD1 /* Frameworks */,
				3D52BCE821A56A5F00EC2CD1 /* Resources */,
				9318A08FCF18B6E64607A911 /* [CP] Embed Pods Frameworks */,
			);
			buildRules = (
			);
			dependencies = (
			);
			name = HDay;
			productName = HDay;
			productReference = 3D52BCEA21A56A5F00EC2CD1 /* HDay.app */;
			productType = "com.apple.product-type.application";
		};
/* End PBXNativeTarget section */

/* Begin PBXProject section */
		3D52BCE221A56A5F00EC2CD1 /* Project object */ = {
			isa = PBXProject;
			attributes = {
				LastSwiftUpdateCheck = 1010;
				LastUpgradeCheck = 1010;
				ORGANIZATIONNAME = "Konrad Belzowski";
				TargetAttributes = {
					3D52BCE921A56A5F00EC2CD1 = {
						CreatedOnToolsVersion = 10.1;
					};
				};
			};
			buildConfigurationList = 3D52BCE521A56A5F00EC2CD1 /* Build configuration list for PBXProject "HDay" */;
			compatibilityVersion = "Xcode 9.3";
			developmentRegion = en;
			hasScannedForEncodings = 0;
			knownRegions = (
				en,
				Base,
			);
			mainGroup = 3D52BCE121A56A5F00EC2CD1;
			productRefGroup = 3D52BCEB21A56A5F00EC2CD1 /* Products */;
			projectDirPath = "";
			projectRoot = "";
			targets = (
				3D52BCE921A56A5F00EC2CD1 /* HDay */,
			);
		};
/* End PBXProject section */

/* Begin PBXResourcesBuildPhase section */
		3D52BCE821A56A5F00EC2CD1 /* Resources */ = {
			isa = PBXResourcesBuildPhase;
			buildActionMask = 2147483647;
			files = (
				3D52BCFB21A56A6000EC2CD1 /* LaunchScreen.storyboard in Resources */,
				3D52BCF821A56A6000EC2CD1 /* Assets.xcassets in Resources */,
				3D52BCF321A56A5F00EC2CD1 /* Main.storyboard in Resources */,
				3D12BADC21A8173D00D9D87C /* Home.storyboard in Resources */,
			);
			runOnlyForDeploymentPostprocessing = 0;
		};
/* End PBXResourcesBuildPhase section */

/* Begin PBXShellScriptBuildPhase section */
		9318A08FCF18B6E64607A911 /* [CP] Embed Pods Frameworks */ = {
			isa = PBXShellScriptBuildPhase;
			buildActionMask = 2147483647;
			files = (
			);
			inputPaths = (
				"${SRCROOT}/Pods/Target Support Files/Pods-HDay/Pods-HDay-frameworks.sh",
				"${BUILT_PRODUCTS_DIR}/Alamofire/Alamofire.framework",
			);
			name = "[CP] Embed Pods Frameworks";
			outputPaths = (
				"${TARGET_BUILD_DIR}/${FRAMEWORKS_FOLDER_PATH}/Alamofire.framework",
			);
			runOnlyForDeploymentPostprocessing = 0;
			shellPath = /bin/sh;
			shellScript = "\"${SRCROOT}/Pods/Target Support Files/Pods-HDay/Pods-HDay-frameworks.sh\"\n";
			showEnvVarsInLog = 0;
		};
		F965F0888587ABB0AD710683 /* [CP] Check Pods Manifest.lock */ = {
			isa = PBXShellScriptBuildPhase;
			buildActionMask = 2147483647;
			files = (
			);
			inputPaths = (
				"${PODS_PODFILE_DIR_PATH}/Podfile.lock",
				"${PODS_ROOT}/Manifest.lock",
			);
			name = "[CP] Check Pods Manifest.lock";
			outputPaths = (
				"$(DERIVED_FILE_DIR)/Pods-HDay-checkManifestLockResult.txt",
			);
			runOnlyForDeploymentPostprocessing = 0;
			shellPath = /bin/sh;
			shellScript = "diff \"${PODS_PODFILE_DIR_PATH}/Podfile.lock\" \"${PODS_ROOT}/Manifest.lock\" > /dev/null\nif [ $? != 0 ] ; then\n    # print error to STDERR\n    echo \"error: The sandbox is not in sync with the Podfile.lock. Run 'pod install' or update your CocoaPods installation.\" >&2\n    exit 1\nfi\n# This output is used by Xcode 'outputs' to avoid re-running this script phase.\necho \"SUCCESS\" > \"${SCRIPT_OUTPUT_FILE_0}\"\n";
			showEnvVarsInLog = 0;
		};
/* End PBXShellScriptBuildPhase section */

/* Begin PBXSourcesBuildPhase section */
		3D52BCE621A56A5F00EC2CD1 /* Sources */ = {
			isa = PBXSourcesBuildPhase;
			buildActionMask = 2147483647;
			files = (
				3D12BADA21A8171900D9D87C /* HomeViewController.swift in Sources */,
				3D52BCF021A56A5F00EC2CD1 /* ViewController.swift in Sources */,
				3D12BAD621A815FD00D9D87C /* BaseViewController.swift in Sources */,
				3D52BCEE21A56A5F00EC2CD1 /* AppDelegate.swift in Sources */,
				3D52BCF621A56A5F00EC2CD1 /* HDay.xcdatamodeld in Sources */,
				3D12BADF21A81B4900D9D87C /* WindowManager.swift in Sources */,
			);
			runOnlyForDeploymentPostprocessing = 0;
		};
/* End PBXSourcesBuildPhase section */

/* Begin PBXVariantGroup section */
		3D52BCF121A56A5F00EC2CD1 /* Main.storyboard */ = {
			isa = PBXVariantGroup;
			children = (
				3D52BCF221A56A5F00EC2CD1 /* Base */,
			);
			name = Main.storyboard;
			sourceTree = "<group>";
		};
		3D52BCF921A56A6000EC2CD1 /* LaunchScreen.storyboard */ = {
			isa = PBXVariantGroup;
			children = (
				3D52BCFA21A56A6000EC2CD1 /* Base */,
			);
			name = LaunchScreen.storyboard;
			sourceTree = "<group>";
		};
/* End PBXVariantGroup section */

/* Begin XCBuildConfiguration section */
		3D52BCFD21A56A6000EC2CD1 /* Debug */ = {
			isa = XCBuildConfiguration;
			buildSettings = {
				ALWAYS_SEARCH_USER_PATHS = NO;
				CLANG_ANALYZER_NONNULL = YES;
				CLANG_ANALYZER_NUMBER_OBJECT_CONVERSION = YES_AGGRESSIVE;
				CLANG_CXX_LANGUAGE_STANDARD = "gnu++14";
				CLANG_CXX_LIBRARY = "libc++";
				CLANG_ENABLE_MODULES = YES;
				CLANG_ENABLE_OBJC_ARC = YES;
				CLANG_ENABLE_OBJC_WEAK = YES;
				CLANG_WARN_BLOCK_CAPTURE_AUTORELEASING = YES;
				CLANG_WARN_BOOL_CONVERSION = YES;
				CLANG_WARN_COMMA = YES;
				CLANG_WARN_CONSTANT_CONVERSION = YES;
				CLANG_WARN_DEPRECATED_OBJC_IMPLEMENTATIONS = YES;
				CLANG_WARN_DIRECT_OBJC_ISA_USAGE = YES_ERROR;
				CLANG_WARN_DOCUMENTATION_COMMENTS = YES;
				CLANG_WARN_EMPTY_BODY = YES;
				CLANG_WARN_ENUM_CONVERSION = YES;
				CLANG_WARN_INFINITE_RECURSION = YES;
				CLANG_WARN_INT_CONVERSION = YES;
				CLANG_WARN_NON_LITERAL_NULL_CONVERSION = YES;
				CLANG_WARN_OBJC_IMPLICIT_RETAIN_SELF = YES;
				CLANG_WARN_OBJC_LITERAL_CONVERSION = YES;
				CLANG_WARN_OBJC_ROOT_CLASS = YES_ERROR;
				CLANG_WARN_RANGE_LOOP_ANALYSIS = YES;
				CLANG_WARN_STRICT_PROTOTYPES = YES;
				CLANG_WARN_SUSPICIOUS_MOVE = YES;
				CLANG_WARN_UNGUARDED_AVAILABILITY = YES_AGGRESSIVE;
				CLANG_WARN_UNREACHABLE_CODE = YES;
				CLANG_WARN__DUPLICATE_METHOD_MATCH = YES;
				CODE_SIGN_IDENTITY = "iPhone Developer";
				COPY_PHASE_STRIP = NO;
				DEBUG_INFORMATION_FORMAT = dwarf;
				ENABLE_STRICT_OBJC_MSGSEND = YES;
				ENABLE_TESTABILITY = YES;
				GCC_C_LANGUAGE_STANDARD = gnu11;
				GCC_DYNAMIC_NO_PIC = NO;
				GCC_NO_COMMON_BLOCKS = YES;
				GCC_OPTIMIZATION_LEVEL = 0;
				GCC_PREPROCESSOR_DEFINITIONS = (
					"DEBUG=1",
					"$(inherited)",
				);
				GCC_WARN_64_TO_32_BIT_CONVERSION = YES;
				GCC_WARN_ABOUT_RETURN_TYPE = YES_ERROR;
				GCC_WARN_UNDECLARED_SELECTOR = YES;
				GCC_WARN_UNINITIALIZED_AUTOS = YES_AGGRESSIVE;
				GCC_WARN_UNUSED_FUNCTION = YES;
				GCC_WARN_UNUSED_VARIABLE = YES;
				IPHONEOS_DEPLOYMENT_TARGET = 11.0;
				MTL_ENABLE_DEBUG_INFO = INCLUDE_SOURCE;
				MTL_FAST_MATH = YES;
				ONLY_ACTIVE_ARCH = YES;
				SDKROOT = iphoneos;
				SWIFT_ACTIVE_COMPILATION_CONDITIONS = DEBUG;
				SWIFT_OPTIMIZATION_LEVEL = "-Onone";
			};
			name = Debug;
		};
		3D52BCFE21A56A6000EC2CD1 /* Release */ = {
			isa = XCBuildConfiguration;
			buildSettings = {
				ALWAYS_SEARCH_USER_PATHS = NO;
				CLANG_ANALYZER_NONNULL = YES;
				CLANG_ANALYZER_NUMBER_OBJECT_CONVERSION = YES_AGGRESSIVE;
				CLANG_CXX_LANGUAGE_STANDARD = "gnu++14";
				CLANG_CXX_LIBRARY = "libc++";
				CLANG_ENABLE_MODULES = YES;
				CLANG_ENABLE_OBJC_ARC = YES;
				CLANG_ENABLE_OBJC_WEAK = YES;
				CLANG_WARN_BLOCK_CAPTURE_AUTORELEASING = YES;
				CLANG_WARN_BOOL_CONVERSION = YES;
				CLANG_WARN_COMMA = YES;
				CLANG_WARN_CONSTANT_CONVERSION = YES;
				CLANG_WARN_DEPRECATED_OBJC_IMPLEMENTATIONS = YES;
				CLANG_WARN_DIRECT_OBJC_ISA_USAGE = YES_ERROR;
				CLANG_WARN_DOCUMENTATION_COMMENTS = YES;
				CLANG_WARN_EMPTY_BODY = YES;
				CLANG_WARN_ENUM_CONVERSION = YES;
				CLANG_WARN_INFINITE_RECURSION = YES;
				CLANG_WARN_INT_CONVERSION = YES;
				CLANG_WARN_NON_LITERAL_NULL_CONVERSION = YES;
				CLANG_WARN_OBJC_IMPLICIT_RETAIN_SELF = YES;
				CLANG_WARN_OBJC_LITERAL_CONVERSION = YES;
				CLANG_WARN_OBJC_ROOT_CLASS = YES_ERROR;
				CLANG_WARN_RANGE_LOOP_ANALYSIS = YES;
				CLANG_WARN_STRICT_PROTOTYPES = YES;
				CLANG_WARN_SUSPICIOUS_MOVE = YES;
				CLANG_WARN_UNGUARDED_AVAILABILITY = YES_AGGRESSIVE;
				CLANG_WARN_UNREACHABLE_CODE = YES;
				CLANG_WARN__DUPLICATE_METHOD_MATCH = YES;
				CODE_SIGN_IDENTITY = "iPhone Developer";
				COPY_PHASE_STRIP = NO;
				DEBUG_INFORMATION_FORMAT = "dwarf-with-dsym";
				ENABLE_NS_ASSERTIONS = NO;
				ENABLE_STRICT_OBJC_MSGSEND = YES;
				GCC_C_LANGUAGE_STANDARD = gnu11;
				GCC_NO_COMMON_BLOCKS = YES;
				GCC_WARN_64_TO_32_BIT_CONVERSION = YES;
				GCC_WARN_ABOUT_RETURN_TYPE = YES_ERROR;
				GCC_WARN_UNDECLARED_SELECTOR = YES;
				GCC_WARN_UNINITIALIZED_AUTOS = YES_AGGRESSIVE;
				GCC_WARN_UNUSED_FUNCTION = YES;
				GCC_WARN_UNUSED_VARIABLE = YES;
				IPHONEOS_DEPLOYMENT_TARGET = 11.0;
				MTL_ENABLE_DEBUG_INFO = NO;
				MTL_FAST_MATH = YES;
				SDKROOT = iphoneos;
				SWIFT_COMPILATION_MODE = wholemodule;
				SWIFT_OPTIMIZATION_LEVEL = "-O";
				VALIDATE_PRODUCT = YES;
			};
			name = Release;
		};
		3D52BD0021A56A6000EC2CD1 /* Debug */ = {
			isa = XCBuildConfiguration;
			baseConfigurationReference = B6492B0DD98518566F5187E1 /* Pods-HDay.debug.xcconfig */;
			buildSettings = {
				ASSETCATALOG_COMPILER_APPICON_NAME = AppIcon;
				CODE_SIGN_STYLE = Automatic;
				DEVELOPMENT_TEAM = "";
				INFOPLIST_FILE = "$(SRCROOT)/HDay/Configuration/Debug/Info.plist";
				LD_RUNPATH_SEARCH_PATHS = (
					"$(inherited)",
					"@executable_path/Frameworks",
				);
				PRODUCT_BUNDLE_IDENTIFIER = Belzowski.HDay;
				PRODUCT_NAME = "$(TARGET_NAME)";
				SWIFT_VERSION = 4.2;
				TARGETED_DEVICE_FAMILY = "1,2";
			};
			name = Debug;
		};
		3D52BD0121A56A6000EC2CD1 /* Release */ = {
			isa = XCBuildConfiguration;
			baseConfigurationReference = C2A9EF96DE2435ABBBFFCE1D /* Pods-HDay.release.xcconfig */;
			buildSettings = {
				ASSETCATALOG_COMPILER_APPICON_NAME = AppIcon;
				CODE_SIGN_STYLE = Automatic;
				DEVELOPMENT_TEAM = "";
				INFOPLIST_FILE = "$(SRCROOT)/HDay/Configuration/Debug/Info.plist";
				LD_RUNPATH_SEARCH_PATHS = (
					"$(inherited)",
					"@executable_path/Frameworks",
				);
				PRODUCT_BUNDLE_IDENTIFIER = Belzowski.HDay;
				PRODUCT_NAME = "$(TARGET_NAME)";
				SWIFT_VERSION = 4.2;
				TARGETED_DEVICE_FAMILY = "1,2";
			};
			name = Release;
		};
/* End XCBuildConfiguration section */

/* Begin XCConfigurationList section */
		3D52BCE521A56A5F00EC2CD1 /* Build configuration list for PBXProject "HDay" */ = {
			isa = XCConfigurationList;
			buildConfigurations = (
				3D52BCFD21A56A6000EC2CD1 /* Debug */,
				3D52BCFE21A56A6000EC2CD1 /* Release */,
			);
			defaultConfigurationIsVisible = 0;
			defaultConfigurationName = Release;
		};
		3D52BCFF21A56A6000EC2CD1 /* Build configuration list for PBXNativeTarget "HDay" */ = {
			isa = XCConfigurationList;
			buildConfigurations = (
				3D52BD0021A56A6000EC2CD1 /* Debug */,
				3D52BD0121A56A6000EC2CD1 /* Release */,
			);
			defaultConfigurationIsVisible = 0;
			defaultConfigurationName = Release;
		};
/* End XCConfigurationList section */

/* Begin XCVersionGroup section */
		3D52BCF421A56A5F00EC2CD1 /* HDay.xcdatamodeld */ = {
			isa = XCVersionGroup;
			children = (
				3D52BCF521A56A5F00EC2CD1 /* HDay.xcdatamodel */,
			);
			currentVersion = 3D52BCF521A56A5F00EC2CD1 /* HDay.xcdatamodel */;
			path = HDay.xcdatamodeld;
			sourceTree = "<group>";
			versionGroupType = wrapper.xcdatamodel;
		};
/* End XCVersionGroup section */
	};
	rootObject = 3D52BCE221A56A5F00EC2CD1 /* Project object */;
}
